
Microsoft Visual Studio Solution File, Format Version 12.00
# Visual Studio Version 17
Project("{8BC9CEB8-8B4A-11D0-8D11-00A0C91BC942}") = "ALL_BUILD", "ALL_BUILD.vcxproj", "{E7D06958-C45C-35CA-943B-72B821ED7EAD}"
	ProjectSection(ProjectDependencies) = postProject
		{61AEF30E-A5B3-3ECF-973C-B26F27D235F2} = {61AEF30E-A5B3-3ECF-973C-B26F27D235F2}
		{6B6F4DB9-5F4D-3DD2-A8E7-4B62E3A87F6C} = {6B6F4DB9-5F4D-3DD2-A8E7-4B62E3A87F6C}
		{63B551F5-F182-3E30-B288-28292B6A9BFE} = {63B551F5-F182-3E30-B288-28292B6A9BFE}
		{1DEE1A8A-108F-3456-93FE-732949274D60} = {1DEE1A8A-108F-3456-93FE-732949274D60}
		{8EC77D24-C6D9-3E3F-B212-128540793A21} = {8EC77D24-C6D9-3E3F-B212-128540793A21}
		{96F613CD-2108-3097-9A20-6CCE899542C7} = {96F613CD-2108-3097-9A20-6CCE899542C7}
		{FC205EA0-511B-3B0D-A555-022C6BE7220A} = {FC205EA0-511B-3B0D-A555-022C6BE7220A}
		{0D24A9F6-DD87-376D-8611-3EA8904C448D} = {0D24A9F6-DD87-376D-8611-3EA8904C448D}
	EndProjectSection
EndProject
Project("{8BC9CEB8-8B4A-11D0-8D11-00A0C91BC942}") = "INSTALL", "INSTALL.vcxproj", "{6928745D-5B27-3A3F-99A0-C7BA52102345}"
	ProjectSection(ProjectDependencies) = postProject
		{E7D06958-C45C-35CA-943B-72B821ED7EAD} = {E7D06958-C45C-35CA-943B-72B821ED7EAD}
		{61AEF30E-A5B3-3ECF-973C-B26F27D235F2} = {61AEF30E-A5B3-3ECF-973C-B26F27D235F2}
	EndProjectSection
EndProject
Project("{8BC9CEB8-8B4A-11D0-8D11-00A0C91BC942}") = "ZERO_CHECK", "ZERO_CHECK.vcxproj", "{61AEF30E-A5B3-3ECF-973C-B26F27D235F2}"
	ProjectSection(ProjectDependencies) = postProject
	EndProjectSection
EndProject
Project("{8BC9CEB8-8B4A-11D0-8D11-00A0C91BC942}") = "core", "core\core.vcxproj", "{6B6F4DB9-5F4D-3DD2-A8E7-4B62E3A87F6C}"
	ProjectSection(ProjectDependencies) = postProject
		{61AEF30E-A5B3-3ECF-973C-B26F27D235F2} = {61AEF30E-A5B3-3ECF-973C-B26F27D235F2}
		{96F613CD-2108-3097-9A20-6CCE899542C7} = {96F613CD-2108-3097-9A20-6CCE899542C7}
		{FC205EA0-511B-3B0D-A555-022C6BE7220A} = {FC205EA0-511B-3B0D-A555-022C6BE7220A}
	EndProjectSection
EndProject
Project("{8BC9CEB8-8B4A-11D0-8D11-00A0C91BC942}") = "dgpTest2a", "test\dgpTest2a.vcxproj", "{63B551F5-F182-3E30-B288-28292B6A9BFE}"
	ProjectSection(ProjectDependencies) = postProject
		{61AEF30E-A5B3-3ECF-973C-B26F27D235F2} = {61AEF30E-A5B3-3ECF-973C-B26F27D235F2}
		{6B6F4DB9-5F4D-3DD2-A8E7-4B62E3A87F6C} = {6B6F4DB9-5F4D-3DD2-A8E7-4B62E3A87F6C}
		{96F613CD-2108-3097-9A20-6CCE899542C7} = {96F613CD-2108-3097-9A20-6CCE899542C7}
		{FC205EA0-511B-3B0D-A555-022C6BE7220A} = {FC205EA0-511B-3B0D-A555-022C6BE7220A}
		{0D24A9F6-DD87-376D-8611-3EA8904C448D} = {0D24A9F6-DD87-376D-8611-3EA8904C448D}
	EndProjectSection
EndProject
Project("{8BC9CEB8-8B4A-11D0-8D11-00A0C91BC942}") = "dgpTest2b", "test\dgpTest2b.vcxproj", "{1DEE1A8A-108F-3456-93FE-732949274D60}"
	ProjectSection(ProjectDependencies) = postProject
		{61AEF30E-A5B3-3ECF-973C-B26F27D235F2} = {61AEF30E-A5B3-3ECF-973C-B26F27D235F2}
		{6B6F4DB9-5F4D-3DD2-A8E7-4B62E3A87F6C} = {6B6F4DB9-5F4D-3DD2-A8E7-4B62E3A87F6C}
		{96F613CD-2108-3097-9A20-6CCE899542C7} = {96F613CD-2108-3097-9A20-6CCE899542C7}
		{FC205EA0-511B-3B0D-A555-022C6BE7220A} = {FC205EA0-511B-3B0D-A555-022C6BE7220A}
		{0D24A9F6-DD87-376D-8611-3EA8904C448D} = {0D24A9F6-DD87-376D-8611-3EA8904C448D}
	EndProjectSection
EndProject
Project("{8BC9CEB8-8B4A-11D0-8D11-00A0C91BC942}") = "dgpTest2c", "test\dgpTest2c.vcxproj", "{8EC77D24-C6D9-3E3F-B212-128540793A21}"
	ProjectSection(ProjectDependencies) = postProject
		{61AEF30E-A5B3-3ECF-973C-B26F27D235F2} = {61AEF30E-A5B3-3ECF-973C-B26F27D235F2}
		{6B6F4DB9-5F4D-3DD2-A8E7-4B62E3A87F6C} = {6B6F4DB9-5F4D-3DD2-A8E7-4B62E3A87F6C}
		{96F613CD-2108-3097-9A20-6CCE899542C7} = {96F613CD-2108-3097-9A20-6CCE899542C7}
		{FC205EA0-511B-3B0D-A555-022C6BE7220A} = {FC205EA0-511B-3B0D-A555-022C6BE7220A}
		{0D24A9F6-DD87-376D-8611-3EA8904C448D} = {0D24A9F6-DD87-376D-8611-3EA8904C448D}
	EndProjectSection
EndProject
Project("{8BC9CEB8-8B4A-11D0-8D11-00A0C91BC942}") = "io", "io\io.vcxproj", "{96F613CD-2108-3097-9A20-6CCE899542C7}"
	ProjectSection(ProjectDependencies) = postProject
		{61AEF30E-A5B3-3ECF-973C-B26F27D235F2} = {61AEF30E-A5B3-3ECF-973C-B26F27D235F2}
	EndProjectSection
EndProject
Project("{8BC9CEB8-8B4A-11D0-8D11-00A0C91BC942}") = "util", "util\util.vcxproj", "{FC205EA0-511B-3B0D-A555-022C6BE7220A}"
	ProjectSection(ProjectDependencies) = postProject
		{61AEF30E-A5B3-3ECF-973C-B26F27D235F2} = {61AEF30E-A5B3-3ECF-973C-B26F27D235F2}
		{96F613CD-2108-3097-9A20-6CCE899542C7} = {96F613CD-2108-3097-9A20-6CCE899542C7}
	EndProjectSection
EndProject
Project("{8BC9CEB8-8B4A-11D0-8D11-00A0C91BC942}") = "wrl", "wrl\wrl.vcxproj", "{0D24A9F6-DD87-376D-8611-3EA8904C448D}"
	ProjectSection(ProjectDependencies) = postProject
		{61AEF30E-A5B3-3ECF-973C-B26F27D235F2} = {61AEF30E-A5B3-3ECF-973C-B26F27D235F2}
		{6B6F4DB9-5F4D-3DD2-A8E7-4B62E3A87F6C} = {6B6F4DB9-5F4D-3DD2-A8E7-4B62E3A87F6C}
		{96F613CD-2108-3097-9A20-6CCE899542C7} = {96F613CD-2108-3097-9A20-6CCE899542C7}
		{FC205EA0-511B-3B0D-A555-022C6BE7220A} = {FC205EA0-511B-3B0D-A555-022C6BE7220A}
	EndProjectSection
EndProject
Global
	GlobalSection(SolutionConfigurationPlatforms) = preSolution
		Debug|x64 = Debug|x64
		Release|x64 = Release|x64
		MinSizeRel|x64 = MinSizeRel|x64
		RelWithDebInfo|x64 = RelWithDebInfo|x64
	EndGlobalSection
	GlobalSection(ProjectConfigurationPlatforms) = postSolution
		{E7D06958-C45C-35CA-943B-72B821ED7EAD}.Debug|x64.ActiveCfg = Debug|x64
		{E7D06958-C45C-35CA-943B-72B821ED7EAD}.Debug|x64.Build.0 = Debug|x64
		{E7D06958-C45C-35CA-943B-72B821ED7EAD}.Release|x64.ActiveCfg = Release|x64
		{E7D06958-C45C-35CA-943B-72B821ED7EAD}.Release|x64.Build.0 = Release|x64
		{E7D06958-C45C-35CA-943B-72B821ED7EAD}.MinSizeRel|x64.ActiveCfg = MinSizeRel|x64
		{E7D06958-C45C-35CA-943B-72B821ED7EAD}.MinSizeRel|x64.Build.0 = MinSizeRel|x64
		{E7D06958-C45C-35CA-943B-72B821ED7EAD}.RelWithDebInfo|x64.ActiveCfg = RelWithDebInfo|x64
		{E7D06958-C45C-35CA-943B-72B821ED7EAD}.RelWithDebInfo|x64.Build.0 = RelWithDebInfo|x64
		{6928745D-5B27-3A3F-99A0-C7BA52102345}.Debug|x64.ActiveCfg = Debug|x64
		{6928745D-5B27-3A3F-99A0-C7BA52102345}.Release|x64.ActiveCfg = Release|x64
		{6928745D-5B27-3A3F-99A0-C7BA52102345}.MinSizeRel|x64.ActiveCfg = MinSizeRel|x64
		{6928745D-5B27-3A3F-99A0-C7BA52102345}.RelWithDebInfo|x64.ActiveCfg = RelWithDebInfo|x64
		{61AEF30E-A5B3-3ECF-973C-B26F27D235F2}.Debug|x64.ActiveCfg = Debug|x64
		{61AEF30E-A5B3-3ECF-973C-B26F27D235F2}.Debug|x64.Build.0 = Debug|x64
		{61AEF30E-A5B3-3ECF-973C-B26F27D235F2}.Release|x64.ActiveCfg = Release|x64
		{61AEF30E-A5B3-3ECF-973C-B26F27D235F2}.Release|x64.Build.0 = Release|x64
		{61AEF30E-A5B3-3ECF-973C-B26F27D235F2}.MinSizeRel|x64.ActiveCfg = MinSizeRel|x64
		{61AEF30E-A5B3-3ECF-973C-B26F27D235F2}.MinSizeRel|x64.Build.0 = MinSizeRel|x64
		{61AEF30E-A5B3-3ECF-973C-B26F27D235F2}.RelWithDebInfo|x64.ActiveCfg = RelWithDebInfo|x64
		{61AEF30E-A5B3-3ECF-973C-B26F27D235F2}.RelWithDebInfo|x64.Build.0 = RelWithDebInfo|x64
		{6B6F4DB9-5F4D-3DD2-A8E7-4B62E3A87F6C}.Debug|x64.ActiveCfg = Debug|x64
		{6B6F4DB9-5F4D-3DD2-A8E7-4B62E3A87F6C}.Debug|x64.Build.0 = Debug|x64
		{6B6F4DB9-5F4D-3DD2-A8E7-4B62E3A87F6C}.Release|x64.ActiveCfg = Release|x64
		{6B6F4DB9-5F4D-3DD2-A8E7-4B62E3A87F6C}.Release|x64.Build.0 = Release|x64
		{6B6F4DB9-5F4D-3DD2-A8E7-4B62E3A87F6C}.MinSizeRel|x64.ActiveCfg = MinSizeRel|x64
		{6B6F4DB9-5F4D-3DD2-A8E7-4B62E3A87F6C}.MinSizeRel|x64.Build.0 = MinSizeRel|x64
		{6B6F4DB9-5F4D-3DD2-A8E7-4B62E3A87F6C}.RelWithDebInfo|x64.ActiveCfg = RelWithDebInfo|x64
		{6B6F4DB9-5F4D-3DD2-A8E7-4B62E3A87F6C}.RelWithDebInfo|x64.Build.0 = RelWithDebInfo|x64
		{63B551F5-F182-3E30-B288-28292B6A9BFE}.Debug|x64.ActiveCfg = Debug|x64
		{63B551F5-F182-3E30-B288-28292B6A9BFE}.Debug|x64.Build.0 = Debug|x64
		{63B551F5-F182-3E30-B288-28292B6A9BFE}.Release|x64.ActiveCfg = Release|x64
		{63B551F5-F182-3E30-B288-28292B6A9BFE}.Release|x64.Build.0 = Release|x64
		{63B551F5-F182-3E30-B288-28292B6A9BFE}.MinSizeRel|x64.ActiveCfg = MinSizeRel|x64
		{63B551F5-F182-3E30-B288-28292B6A9BFE}.MinSizeRel|x64.Build.0 = MinSizeRel|x64
		{63B551F5-F182-3E30-B288-28292B6A9BFE}.RelWithDebInfo|x64.ActiveCfg = RelWithDebInfo|x64
		{63B551F5-F182-3E30-B288-28292B6A9BFE}.RelWithDebInfo|x64.Build.0 = RelWithDebInfo|x64
		{1DEE1A8A-108F-3456-93FE-732949274D60}.Debug|x64.ActiveCfg = Debug|x64
		{1DEE1A8A-108F-3456-93FE-732949274D60}.Debug|x64.Build.0 = Debug|x64
		{1DEE1A8A-108F-3456-93FE-732949274D60}.Release|x64.ActiveCfg = Release|x64
		{1DEE1A8A-108F-3456-93FE-732949274D60}.Release|x64.Build.0 = Release|x64
		{1DEE1A8A-108F-3456-93FE-732949274D60}.MinSizeRel|x64.ActiveCfg = MinSizeRel|x64
		{1DEE1A8A-108F-3456-93FE-732949274D60}.MinSizeRel|x64.Build.0 = MinSizeRel|x64
		{1DEE1A8A-108F-3456-93FE-732949274D60}.RelWithDebInfo|x64.ActiveCfg = RelWithDebInfo|x64
		{1DEE1A8A-108F-3456-93FE-732949274D60}.RelWithDebInfo|x64.Build.0 = RelWithDebInfo|x64
		{8EC77D24-C6D9-3E3F-B212-128540793A21}.Debug|x64.ActiveCfg = Debug|x64
		{8EC77D24-C6D9-3E3F-B212-128540793A21}.Debug|x64.Build.0 = Debug|x64
		{8EC77D24-C6D9-3E3F-B212-128540793A21}.Release|x64.ActiveCfg = Release|x64
		{8EC77D24-C6D9-3E3F-B212-128540793A21}.Release|x64.Build.0 = Release|x64
		{8EC77D24-C6D9-3E3F-B212-128540793A21}.MinSizeRel|x64.ActiveCfg = MinSizeRel|x64
		{8EC77D24-C6D9-3E3F-B212-128540793A21}.MinSizeRel|x64.Build.0 = MinSizeRel|x64
		{8EC77D24-C6D9-3E3F-B212-128540793A21}.RelWithDebInfo|x64.ActiveCfg = RelWithDebInfo|x64
		{8EC77D24-C6D9-3E3F-B212-128540793A21}.RelWithDebInfo|x64.Build.0 = RelWithDebInfo|x64
		{96F613CD-2108-3097-9A20-6CCE899542C7}.Debug|x64.ActiveCfg = Debug|x64
		{96F613CD-2108-3097-9A20-6CCE899542C7}.Debug|x64.Build.0 = Debug|x64
		{96F613CD-2108-3097-9A20-6CCE899542C7}.Release|x64.ActiveCfg = Release|x64
		{96F613CD-2108-3097-9A20-6CCE899542C7}.Release|x64.Build.0 = Release|x64
		{96F613CD-2108-3097-9A20-6CCE899542C7}.MinSizeRel|x64.ActiveCfg = MinSizeRel|x64
		{96F613CD-2108-3097-9A20-6CCE899542C7}.MinSizeRel|x64.Build.0 = MinSizeRel|x64
		{96F613CD-2108-3097-9A20-6CCE899542C7}.RelWithDebInfo|x64.ActiveCfg = RelWithDebInfo|x64
		{96F613CD-2108-3097-9A20-6CCE899542C7}.RelWithDebInfo|x64.Build.0 = RelWithDebInfo|x64
		{FC205EA0-511B-3B0D-A555-022C6BE7220A}.Debug|x64.ActiveCfg = Debug|x64
		{FC205EA0-511B-3B0D-A555-022C6BE7220A}.Debug|x64.Build.0 = Debug|x64
		{FC205EA0-511B-3B0D-A555-022C6BE7220A}.Release|x64.ActiveCfg = Release|x64
		{FC205EA0-511B-3B0D-A555-022C6BE7220A}.Release|x64.Build.0 = Release|x64
		{FC205EA0-511B-3B0D-A555-022C6BE7220A}.MinSizeRel|x64.ActiveCfg = MinSizeRel|x64
		{FC205EA0-511B-3B0D-A555-022C6BE7220A}.MinSizeRel|x64.Build.0 = MinSizeRel|x64
		{FC205EA0-511B-3B0D-A555-022C6BE7220A}.RelWithDebInfo|x64.ActiveCfg = RelWithDebInfo|x64
		{FC205EA0-511B-3B0D-A555-022C6BE7220A}.RelWithDebInfo|x64.Build.0 = RelWithDebInfo|x64
		{0D24A9F6-DD87-376D-8611-3EA8904C448D}.Debug|x64.ActiveCfg = Debug|x64
		{0D24A9F6-DD87-376D-8611-3EA8904C448D}.Debug|x64.Build.0 = Debug|x64
		{0D24A9F6-DD87-376D-8611-3EA8904C448D}.Release|x64.ActiveCfg = Release|x64
		{0D24A9F6-DD87-376D-8611-3EA8904C448D}.Release|x64.Build.0 = Release|x64
		{0D24A9F6-DD87-376D-8611-3EA8904C448D}.MinSizeRel|x64.ActiveCfg = MinSizeRel|x64
		{0D24A9F6-DD87-376D-8611-3EA8904C448D}.MinSizeRel|x64.Build.0 = MinSizeRel|x64
		{0D24A9F6-DD87-376D-8611-3EA8904C448D}.RelWithDebInfo|x64.ActiveCfg = RelWithDebInfo|x64
		{0D24A9F6-DD87-376D-8611-3EA8904C448D}.RelWithDebInfo|x64.Build.0 = RelWithDebInfo|x64
	EndGlobalSection
	GlobalSection(ExtensibilityGlobals) = postSolution
		SolutionGuid = {599FF597-330E-3F7F-B1F7-795CC6C6D163}
	EndGlobalSection
	GlobalSection(ExtensibilityAddIns) = postSolution
	EndGlobalSection
EndGlobal
