<?xml version="1.0" encoding="utf-8"?>
<Project ToolsVersion="17.0" xmlns="http://schemas.microsoft.com/developer/msbuild/2003">
  <ItemGroup>
    <ClCompile Include="C:\Users\PC\Facu\TP2\pdg2025-fcen-uba-TP-2\src\wrl\Node.cpp">
      <Filter>Source Files</Filter>
    </ClCompile>
    <ClCompile Include="C:\Users\PC\Facu\TP2\pdg2025-fcen-uba-TP-2\src\wrl\SceneGraph.cpp">
      <Filter>Source Files</Filter>
    </ClCompile>
    <ClCompile Include="C:\Users\PC\Facu\TP2\pdg2025-fcen-uba-TP-2\src\wrl\SceneGraphTraversal.cpp">
      <Filter>Source Files</Filter>
    </ClCompile>
    <ClCompile Include="C:\Users\PC\Facu\TP2\pdg2025-fcen-uba-TP-2\src\wrl\SceneGraphProcessor.cpp">
      <Filter>Source Files</Filter>
    </ClCompile>
    <ClCompile Include="C:\Users\PC\Facu\TP2\pdg2025-fcen-uba-TP-2\src\wrl\Group.cpp">
      <Filter>Source Files</Filter>
    </ClCompile>
    <ClCompile Include="C:\Users\PC\Facu\TP2\pdg2025-fcen-uba-TP-2\src\wrl\Transform.cpp">
      <Filter>Source Files</Filter>
    </ClCompile>
    <ClCompile Include="C:\Users\PC\Facu\TP2\pdg2025-fcen-uba-TP-2\src\wrl\Rotation.cpp">
      <Filter>Source Files</Filter>
    </ClCompile>
    <ClCompile Include="C:\Users\PC\Facu\TP2\pdg2025-fcen-uba-TP-2\src\wrl\Shape.cpp">
      <Filter>Source Files</Filter>
    </ClCompile>
    <ClCompile Include="C:\Users\PC\Facu\TP2\pdg2025-fcen-uba-TP-2\src\wrl\Appearance.cpp">
      <Filter>Source Files</Filter>
    </ClCompile>
    <ClCompile Include="C:\Users\PC\Facu\TP2\pdg2025-fcen-uba-TP-2\src\wrl\Material.cpp">
      <Filter>Source Files</Filter>
    </ClCompile>
    <ClCompile Include="C:\Users\PC\Facu\TP2\pdg2025-fcen-uba-TP-2\src\wrl\PixelTexture.cpp">
      <Filter>Source Files</Filter>
    </ClCompile>
    <ClCompile Include="C:\Users\PC\Facu\TP2\pdg2025-fcen-uba-TP-2\src\wrl\ImageTexture.cpp">
      <Filter>Source Files</Filter>
    </ClCompile>
    <ClCompile Include="C:\Users\PC\Facu\TP2\pdg2025-fcen-uba-TP-2\src\wrl\IndexedLineSet.cpp">
      <Filter>Source Files</Filter>
    </ClCompile>
    <ClCompile Include="C:\Users\PC\Facu\TP2\pdg2025-fcen-uba-TP-2\src\wrl\IndexedFaceSet.cpp">
      <Filter>Source Files</Filter>
    </ClCompile>
    <ClCompile Include="C:\Users\PC\Facu\TP2\pdg2025-fcen-uba-TP-2\src\wrl\Ply.cpp">
      <Filter>Source Files</Filter>
    </ClCompile>
    <ClCompile Include="C:\Users\PC\Facu\TP2\pdg2025-fcen-uba-TP-2\src\wrl\IndexedFaceSetPly.cpp">
      <Filter>Source Files</Filter>
    </ClCompile>
  </ItemGroup>
  <ItemGroup>
    <ClInclude Include="C:\Users\PC\Facu\TP2\pdg2025-fcen-uba-TP-2\src\wrl\Node.hpp">
      <Filter>Header Files</Filter>
    </ClInclude>
    <ClInclude Include="C:\Users\PC\Facu\TP2\pdg2025-fcen-uba-TP-2\src\wrl\SceneGraph.hpp">
      <Filter>Header Files</Filter>
    </ClInclude>
    <ClInclude Include="C:\Users\PC\Facu\TP2\pdg2025-fcen-uba-TP-2\src\wrl\SceneGraphTraversal.hpp">
      <Filter>Header Files</Filter>
    </ClInclude>
    <ClInclude Include="C:\Users\PC\Facu\TP2\pdg2025-fcen-uba-TP-2\src\wrl\SceneGraphProcessor.hpp">
      <Filter>Header Files</Filter>
    </ClInclude>
    <ClInclude Include="C:\Users\PC\Facu\TP2\pdg2025-fcen-uba-TP-2\src\wrl\Group.hpp">
      <Filter>Header Files</Filter>
    </ClInclude>
    <ClInclude Include="C:\Users\PC\Facu\TP2\pdg2025-fcen-uba-TP-2\src\wrl\Transform.hpp">
      <Filter>Header Files</Filter>
    </ClInclude>
    <ClInclude Include="C:\Users\PC\Facu\TP2\pdg2025-fcen-uba-TP-2\src\wrl\Rotation.hpp">
      <Filter>Header Files</Filter>
    </ClInclude>
    <ClInclude Include="C:\Users\PC\Facu\TP2\pdg2025-fcen-uba-TP-2\src\wrl\Shape.hpp">
      <Filter>Header Files</Filter>
    </ClInclude>
    <ClInclude Include="C:\Users\PC\Facu\TP2\pdg2025-fcen-uba-TP-2\src\wrl\Appearance.hpp">
      <Filter>Header Files</Filter>
    </ClInclude>
    <ClInclude Include="C:\Users\PC\Facu\TP2\pdg2025-fcen-uba-TP-2\src\wrl\Material.hpp">
      <Filter>Header Files</Filter>
    </ClInclude>
    <ClInclude Include="C:\Users\PC\Facu\TP2\pdg2025-fcen-uba-TP-2\src\wrl\PixelTexture.hpp">
      <Filter>Header Files</Filter>
    </ClInclude>
    <ClInclude Include="C:\Users\PC\Facu\TP2\pdg2025-fcen-uba-TP-2\src\wrl\ImageTexture.hpp">
      <Filter>Header Files</Filter>
    </ClInclude>
    <ClInclude Include="C:\Users\PC\Facu\TP2\pdg2025-fcen-uba-TP-2\src\wrl\IndexedLineSet.hpp">
      <Filter>Header Files</Filter>
    </ClInclude>
    <ClInclude Include="C:\Users\PC\Facu\TP2\pdg2025-fcen-uba-TP-2\src\wrl\IndexedFaceSet.hpp">
      <Filter>Header Files</Filter>
    </ClInclude>
    <ClInclude Include="C:\Users\PC\Facu\TP2\pdg2025-fcen-uba-TP-2\src\wrl\Ply.hpp">
      <Filter>Header Files</Filter>
    </ClInclude>
    <ClInclude Include="C:\Users\PC\Facu\TP2\pdg2025-fcen-uba-TP-2\src\wrl\IndexedFaceSetPly.hpp">
      <Filter>Header Files</Filter>
    </ClInclude>
  </ItemGroup>
  <ItemGroup>
    <CustomBuild Include="C:\Users\PC\Facu\TP2\pdg2025-fcen-uba-TP-2\src\wrl\CMakeLists.txt" />
  </ItemGroup>
  <ItemGroup>
    <Filter Include="Header Files">
      <UniqueIdentifier>{7D2D87C5-0AD1-3FA2-9A0C-8CC8E5CE4737}</UniqueIdentifier>
    </Filter>
    <Filter Include="Source Files">
      <UniqueIdentifier>{1DD6CF5E-51F7-31FA-B7F0-62FE0E6DE1D5}</UniqueIdentifier>
    </Filter>
  </ItemGroup>
</Project>
